# THIS IS AN AUTOGENERATED FILE. DO NOT EDIT THIS FILE DIRECTLY.
# yarn lockfile v1


"@babel/runtime@^7.2.0":
  version "7.2.0"
  resolved "http://registry.npm.taobao.org/@babel/runtime/download/@babel/runtime-7.2.0.tgz#b03e42eeddf5898e00646e4c840fa07ba8dcad7f"
  integrity sha1-sD5C7t31iY4AZG5MhA+ge6jcrX8=
  dependencies:
    regenerator-runtime "^0.12.0"

babel-runtime@^6.18.0, babel-runtime@^6.6.1:
  version "6.26.0"
  resolved "http://registry.npm.taobao.org/babel-runtime/download/babel-runtime-6.26.0.tgz#965c7058668e82b55d7bfe04ff2337bc8b5647fe"
  integrity sha1-llxwWGaOgrVde/4E/yM3vItWR/4=
  dependencies:
    core-js "^2.4.0"
    regenerator-runtime "^0.11.0"

classnames@^2.2.5:
  version "2.2.6"
  resolved "http://registry.npm.taobao.org/classnames/download/classnames-2.2.6.tgz#43935bffdd291f326dad0a205309b38d00f650ce"
  integrity sha1-Q5Nb/90pHzJtrQogUwmzjQD2UM4=

core-js@^2.4.0:
  version "2.6.2"
  resolved "http://registry.npm.taobao.org/core-js/download/core-js-2.6.2.tgz#267988d7268323b349e20b4588211655f0e83944"
  integrity sha1-JnmI1yaDI7NJ4gtFiCEWVfDoOUQ=

es6-viewpoint@^0.1.2:
  version "0.1.3"
  resolved "http://registry.npm.taobao.org/es6-viewpoint/download/es6-viewpoint-0.1.3.tgz#9b1b99a286b618d6d6b71f1503deb0d0a7869dc5"
  integrity sha1-mxuZooa2GNbWtx8VA96w0KeGncU=

hoist-non-react-statics@^3.2.1:
  version "3.2.1"
  resolved "http://registry.npm.taobao.org/hoist-non-react-statics/download/hoist-non-react-statics-3.2.1.tgz#c09c0555c84b38a7ede6912b61efddafd6e75e1e"
  integrity sha1-wJwFVchLOKft5pErYe/dr9bnXh4=
  dependencies:
    react-is "^16.3.2"

invariant@^2.2.4:
  version "2.2.4"
  resolved "http://registry.npm.taobao.org/invariant/download/invariant-2.2.4.tgz#610f3c92c9359ce1db616e538008d23ff35158e6"
  integrity sha1-YQ88ksk1nOHbYW5TgAjSP/NRWOY=
  dependencies:
    loose-envify "^1.0.0"

"js-tokens@^3.0.0 || ^4.0.0":
  version "4.0.0"
  resolved "http://registry.npm.taobao.org/js-tokens/download/js-tokens-4.0.0.tgz#19203fb59991df98e3a287050d4647cdeaf32499"
  integrity sha1-GSA/tZmR35jjoocFDUZHzerzJJk=

loose-envify@^1.0.0, loose-envify@^1.3.1, loose-envify@^1.4.0:
  version "1.4.0"
  resolved "http://registry.npm.taobao.org/loose-envify/download/loose-envify-1.4.0.tgz#71ee51fa7be4caec1a63839f7e682d8132d30caf"
  integrity sha1-ce5R+nvkyuwaY4OffmgtgTLTDK8=
  dependencies:
    js-tokens "^3.0.0 || ^4.0.0"

object-assign@^4.1.1:
  version "4.1.1"
  resolved "http://registry.npm.taobao.org/object-assign/download/object-assign-4.1.1.tgz#2109adc7965887cfc05cbbd442cac8bfbb360863"
  integrity sha1-IQmtx5ZYh8/AXLvUQsrIv7s2CGM=

pile-ui@^1.0.1:
  version "1.0.1"
  resolved "http://registry.npm.taobao.org/pile-ui/download/pile-ui-1.0.1.tgz#e269ddfaa86c1ada9b4dc4e37a71852574e82a44"
  integrity sha1-4mnd+qhsGtqbTcTjenGFJXToKkQ=
  dependencies:
    babel-runtime "^6.18.0"
    classnames "^2.2.5"
    es6-viewpoint "^0.1.2"
    stilr "^1.3.0"

prop-types@^15.6.2:
  version "15.6.2"
  resolved "http://registry.npm.taobao.org/prop-types/download/prop-types-15.6.2.tgz#05d5ca77b4453e985d60fc7ff8c859094a497102"
  integrity sha1-BdXKd7RFPphdYPx/+MhZCUpJcQI=
  dependencies:
    loose-envify "^1.3.1"
    object-assign "^4.1.1"

react-is@^16.3.2, react-is@^16.6.3:
  version "16.7.0"
  resolved "http://registry.npm.taobao.org/react-is/download/react-is-16.7.0.tgz#c1bd21c64f1f1364c6f70695ec02d69392f41bfa"
  integrity sha1-wb0hxk8fE2TG9waV7ALWk5L0G/o=

react-redux@^6.0.0:
  version "6.0.0"
  resolved "http://registry.npm.taobao.org/react-redux/download/react-redux-6.0.0.tgz#09e86eeed5febb98e9442458ad2970c8f1a173ef"
  integrity sha1-Cehu7tX+u5jpRCRYrSlwyPGhc+8=
  dependencies:
    "@babel/runtime" "^7.2.0"
    hoist-non-react-statics "^3.2.1"
    invariant "^2.2.4"
    loose-envify "^1.4.0"
    prop-types "^15.6.2"
    react-is "^16.6.3"

redux@^4.0.1:
  version "4.0.1"
  resolved "http://registry.npm.taobao.org/redux/download/redux-4.0.1.tgz#436cae6cc40fbe4727689d7c8fae44808f1bfef5"
  integrity sha1-Q2yubMQPvkcnaJ18j65EgI8b/vU=
  dependencies:
    loose-envify "^1.4.0"
    symbol-observable "^1.2.0"

regenerator-runtime@^0.11.0:
  version "0.11.1"
  resolved "http://registry.npm.taobao.org/regenerator-runtime/download/regenerator-runtime-0.11.1.tgz#be05ad7f9bf7d22e056f9726cee5017fbf19e2e9"
  integrity sha1-vgWtf5v30i4Fb5cmzuUBf78Z4uk=

regenerator-runtime@^0.12.0:
  version "0.12.1"
  resolved "http://registry.npm.taobao.org/regenerator-runtime/download/regenerator-runtime-0.12.1.tgz#fa1a71544764c036f8c49b13a08b2594c9f8a0de"
  integrity sha1-+hpxVEdkwDb4xJsToIsllMn4oN4=

stilr@^1.3.0:
  version "1.3.0"
  resolved "http://registry.npm.taobao.org/stilr/download/stilr-1.3.0.tgz#05b81e7e7fade689e73bddcd81ea6e7cfd4e4ce0"
  integrity sha1-Bbgefn+t5onnO93NgepufP1OTOA=
  dependencies:
    babel-runtime "^6.6.1"

symbol-observable@^1.2.0:
  version "1.2.0"
  resolved "http://registry.npm.taobao.org/symbol-observable/download/symbol-observable-1.2.0.tgz#c22688aed4eab3cdc2dfeacbb561660560a00804"
  integrity sha1-wiaIrtTqs83C3+rLtWFmBWCgCAQ=
